// !$*UTF8*$!
{
	archiveVersion = 1;
	classes = {
	};
	objectVersion = 56;
	objects = {

/* Begin PBXBuildFile section */
		FB30702A2C82AF6A009C3EE5 /* ButtonView.swift in Sources */ = {isa = PBXBuildFile; fileRef = FB3070292C82AF6A009C3EE5 /* ButtonView.swift */; };
		FB30702E2C82B433009C3EE5 /* CalcButtonModel.swift in Sources */ = {isa = PBXBuildFile; fileRef = FB30702D2C82B433009C3EE5 /* CalcButtonModel.swift */; };
		FB3070302C82B4A1009C3EE5 /* RowOfCalcButtonsModel.swift in Sources */ = {isa = PBXBuildFile; fileRef = FB30702F2C82B4A1009C3EE5 /* RowOfCalcButtonsModel.swift */; };
		FB3070332C82BAEF009C3EE5 /* StringUtils.swift in Sources */ = {isa = PBXBuildFile; fileRef = FB3070322C82BAEF009C3EE5 /* StringUtils.swift */; };
		FB7561D42C81C15B00A0A5A0 /* Calculator_Dark_and_Light_ModeApp.swift in Sources */ = {isa = PBXBuildFile; fileRef = FB7561D32C81C15B00A0A5A0 /* Calculator_Dark_and_Light_ModeApp.swift */; };
		FB7561D62C81C15B00A0A5A0 /* MainCalculatorView.swift in Sources */ = {isa = PBXBuildFile; fileRef = FB7561D52C81C15B00A0A5A0 /* MainCalculatorView.swift */; };
		FB7561D82C81C15C00A0A5A0 /* Assets.xcassets in Resources */ = {isa = PBXBuildFile; fileRef = FB7561D72C81C15C00A0A5A0 /* Assets.xcassets */; };
		FB7561DC2C81C15C00A0A5A0 /* Preview Assets.xcassets in Resources */ = {isa = PBXBuildFile; fileRef = FB7561DB2C81C15C00A0A5A0 /* Preview Assets.xcassets */; };
		FB7561E42C81CA7A00A0A5A0 /* ColorConstants.swift in Sources */ = {isa = PBXBuildFile; fileRef = FB7561E32C81CA7A00A0A5A0 /* ColorConstants.swift */; };
		FB7561E92C81CC1700A0A5A0 /* SunMoonView.swift in Sources */ = {isa = PBXBuildFile; fileRef = FB7561E82C81CC1700A0A5A0 /* SunMoonView.swift */; };
		FB7561EB2C81CCF800A0A5A0 /* ComputationView.swift in Sources */ = {isa = PBXBuildFile; fileRef = FB7561EA2C81CCF800A0A5A0 /* ComputationView.swift */; };
		FB7561ED2C81CEAC00A0A5A0 /* CalculateButtonView.swift in Sources */ = {isa = PBXBuildFile; fileRef = FB7561EC2C81CEAC00A0A5A0 /* CalculateButtonView.swift */; };
		FB7561EF2C81D77D00A0A5A0 /* Enumerations.swift in Sources */ = {isa = PBXBuildFile; fileRef = FB7561EE2C81D77D00A0A5A0 /* Enumerations.swift */; };
		FBBBBD722C831255004BCF28 /* IpadSupport.swift in Sources */ = {isa = PBXBuildFile; fileRef = FBBBBD712C831255004BCF28 /* IpadSupport.swift */; };
/* End PBXBuildFile section */

/* Begin PBXFileReference section */
		FB3070292C82AF6A009C3EE5 /* ButtonView.swift */ = {isa = PBXFileReference; lastKnownFileType = sourcecode.swift; path = ButtonView.swift; sourceTree = "<group>"; };
		FB30702D2C82B433009C3EE5 /* CalcButtonModel.swift */ = {isa = PBXFileReference; lastKnownFileType = sourcecode.swift; path = CalcButtonModel.swift; sourceTree = "<group>"; };
		FB30702F2C82B4A1009C3EE5 /* RowOfCalcButtonsModel.swift */ = {isa = PBXFileReference; lastKnownFileType = sourcecode.swift; path = RowOfCalcButtonsModel.swift; sourceTree = "<group>"; };
		FB3070322C82BAEF009C3EE5 /* StringUtils.swift */ = {isa = PBXFileReference; lastKnownFileType = sourcecode.swift; path = StringUtils.swift; sourceTree = "<group>"; };
		FB7561D02C81C15B00A0A5A0 /* Calculator Dark and Light Mode.app */ = {isa = PBXFileReference; explicitFileType = wrapper.application; includeInIndex = 0; path = "Calculator Dark and Light Mode.app"; sourceTree = BUILT_PRODUCTS_DIR; };
		FB7561D32C81C15B00A0A5A0 /* Calculator_Dark_and_Light_ModeApp.swift */ = {isa = PBXFileReference; lastKnownFileType = sourcecode.swift; path = Calculator_Dark_and_Light_ModeApp.swift; sourceTree = "<group>"; };
		FB7561D52C81C15B00A0A5A0 /* MainCalculatorView.swift */ = {isa = PBXFileReference; lastKnownFileType = sourcecode.swift; path = MainCalculatorView.swift; sourceTree = "<group>"; };
		FB7561D72C81C15C00A0A5A0 /* Assets.xcassets */ = {isa = PBXFileReference; lastKnownFileType = folder.assetcatalog; path = Assets.xcassets; sourceTree = "<group>"; };
		FB7561D92C81C15C00A0A5A0 /* Calculator_Dark_and_Light_Mode.entitlements */ = {isa = PBXFileReference; lastKnownFileType = text.plist.entitlements; path = Calculator_Dark_and_Light_Mode.entitlements; sourceTree = "<group>"; };
		FB7561DB2C81C15C00A0A5A0 /* Preview Assets.xcassets */ = {isa = PBXFileReference; lastKnownFileType = folder.assetcatalog; path = "Preview Assets.xcassets"; sourceTree = "<group>"; };
		FB7561E32C81CA7A00A0A5A0 /* ColorConstants.swift */ = {isa = PBXFileReference; lastKnownFileType = sourcecode.swift; path = ColorConstants.swift; sourceTree = "<group>"; };
		FB7561E82C81CC1700A0A5A0 /* SunMoonView.swift */ = {isa = PBXFileReference; lastKnownFileType = sourcecode.swift; path = SunMoonView.swift; sourceTree = "<group>"; };
		FB7561EA2C81CCF800A0A5A0 /* ComputationView.swift */ = {isa = PBXFileReference; lastKnownFileType = sourcecode.swift; path = ComputationView.swift; sourceTree = "<group>"; };
		FB7561EC2C81CEAC00A0A5A0 /* CalculateButtonView.swift */ = {isa = PBXFileReference; lastKnownFileType = sourcecode.swift; path = CalculateButtonView.swift; sourceTree = "<group>"; };
		FB7561EE2C81D77D00A0A5A0 /* Enumerations.swift */ = {isa = PBXFileReference; lastKnownFileType = sourcecode.swift; path = Enumerations.swift; sourceTree = "<group>"; };
		FBBBBD712C831255004BCF28 /* IpadSupport.swift */ = {isa = PBXFileReference; lastKnownFileType = sourcecode.swift; path = IpadSupport.swift; sourceTree = "<group>"; };
/* End PBXFileReference section */

/* Begin PBXFrameworksBuildPhase section */
		FB7561CD2C81C15B00A0A5A0 /* Frameworks */ = {
			isa = PBXFrameworksBuildPhase;
			buildActionMask = 2147483647;
			files = (
			);
			runOnlyForDeploymentPostprocessing = 0;
		};
/* End PBXFrameworksBuildPhase section */

/* Begin PBXGroup section */
		FB30702B2C82B3FB009C3EE5 /* model */ = {
			isa = PBXGroup;
			children = (
				FB30702D2C82B433009C3EE5 /* CalcButtonModel.swift */,
				FB30702F2C82B4A1009C3EE5 /* RowOfCalcButtonsModel.swift */,
			);
			path = model;
			sourceTree = "<group>";
		};
		FB30702C2C82B401009C3EE5 /* view */ = {
			isa = PBXGroup;
			children = (
				FB7561D52C81C15B00A0A5A0 /* MainCalculatorView.swift */,
				FB7561E82C81CC1700A0A5A0 /* SunMoonView.swift */,
				FB7561EA2C81CCF800A0A5A0 /* ComputationView.swift */,
				FB7561EC2C81CEAC00A0A5A0 /* CalculateButtonView.swift */,
				FB3070292C82AF6A009C3EE5 /* ButtonView.swift */,
			);
			path = view;
			sourceTree = "<group>";
		};
		FB3070312C82BADB009C3EE5 /* helper */ = {
			isa = PBXGroup;
			children = (
				FB3070322C82BAEF009C3EE5 /* StringUtils.swift */,
			);
			path = helper;
			sourceTree = "<group>";
		};
		FB7561C72C81C15B00A0A5A0 = {
			isa = PBXGroup;
			children = (
				FB7561D22C81C15B00A0A5A0 /* Calculator Dark and Light Mode */,
				FB7561D12C81C15B00A0A5A0 /* Products */,
			);
			sourceTree = "<group>";
		};
		FB7561D12C81C15B00A0A5A0 /* Products */ = {
			isa = PBXGroup;
			children = (
				FB7561D02C81C15B00A0A5A0 /* Calculator Dark and Light Mode.app */,
			);
			name = Products;
			sourceTree = "<group>";
		};
		FB7561D22C81C15B00A0A5A0 /* Calculator Dark and Light Mode */ = {
			isa = PBXGroup;
			children = (
				FBBBBD702C831226004BCF28 /* extensions */,
				FB7561E52C81CAA000A0A5A0 /* constants */,
				FB3070312C82BADB009C3EE5 /* helper */,
				FB30702C2C82B401009C3EE5 /* view */,
				FB30702B2C82B3FB009C3EE5 /* model */,
				FB7561DA2C81C15C00A0A5A0 /* Preview Content */,
				FB7561D32C81C15B00A0A5A0 /* Calculator_Dark_and_Light_ModeApp.swift */,
				FB7561D72C81C15C00A0A5A0 /* Assets.xcassets */,
				FB7561D92C81C15C00A0A5A0 /* Calculator_Dark_and_Light_Mode.entitlements */,
			);
			path = "Calculator Dark and Light Mode";
			sourceTree = "<group>";
		};
		FB7561DA2C81C15C00A0A5A0 /* Preview Content */ = {
			isa = PBXGroup;
			children = (
				FB7561DB2C81C15C00A0A5A0 /* Preview Assets.xcassets */,
			);
			path = "Preview Content";
			sourceTree = "<group>";
		};
		FB7561E52C81CAA000A0A5A0 /* constants */ = {
			isa = PBXGroup;
			children = (
				FB7561E32C81CA7A00A0A5A0 /* ColorConstants.swift */,
				FB7561EE2C81D77D00A0A5A0 /* Enumerations.swift */,
			);
			path = constants;
			sourceTree = "<group>";
		};
		FBBBBD702C831226004BCF28 /* extensions */ = {
			isa = PBXGroup;
			children = (
				FBBBBD712C831255004BCF28 /* IpadSupport.swift */,
			);
			path = extensions;
			sourceTree = "<group>";
		};
/* End PBXGroup section */

/* Begin PBXNativeTarget section */
		FB7561CF2C81C15B00A0A5A0 /* Calculator Dark and Light Mode */ = {
			isa = PBXNativeTarget;
			buildConfigurationList = FB7561DF2C81C15C00A0A5A0 /* Build configuration list for PBXNativeTarget "Calculator Dark and Light Mode" */;
			buildPhases = (
				FB7561CC2C81C15B00A0A5A0 /* Sources */,
				FB7561CD2C81C15B00A0A5A0 /* Frameworks */,
				FB7561CE2C81C15B00A0A5A0 /* Resources */,
			);
			buildRules = (
			);
			dependencies = (
			);
			name = "Calculator Dark and Light Mode";
			productName = "Calculator Dark and Light Mode";
			productReference = FB7561D02C81C15B00A0A5A0 /* Calculator Dark and Light Mode.app */;
			productType = "com.apple.product-type.application";
		};
/* End PBXNativeTarget section */

/* Begin PBXProject section */
		FB7561C82C81C15B00A0A5A0 /* Project object */ = {
			isa = PBXProject;
			attributes = {
				BuildIndependentTargetsInParallel = 1;
				LastSwiftUpdateCheck = 1540;
				LastUpgradeCheck = 1540;
				TargetAttributes = {
					FB7561CF2C81C15B00A0A5A0 = {
						CreatedOnToolsVersion = 15.4;
					};
				};
			};
			buildConfigurationList = FB7561CB2C81C15B00A0A5A0 /* Build configuration list for PBXProject "Calculator Dark and Light Mode" */;
			compatibilityVersion = "Xcode 14.0";
			developmentRegion = en;
			hasScannedForEncodings = 0;
			knownRegions = (
				en,
				Base,
			);
			mainGroup = FB7561C72C81C15B00A0A5A0;
			productRefGroup = FB7561D12C81C15B00A0A5A0 /* Products */;
			projectDirPath = "";
			projectRoot = "";
			targets = (
				FB7561CF2C81C15B00A0A5A0 /* Calculator Dark and Light Mode */,
			);
		};
/* End PBXProject section */

/* Begin PBXResourcesBuildPhase section */
		FB7561CE2C81C15B00A0A5A0 /* Resources */ = {
			isa = PBXResourcesBuildPhase;
			buildActionMask = 2147483647;
			files = (
				FB7561DC2C81C15C00A0A5A0 /* Preview Assets.xcassets in Resources */,
				FB7561D82C81C15C00A0A5A0 /* Assets.xcassets in Resources */,
			);
			runOnlyForDeploymentPostprocessing = 0;
		};
/* End PBXResourcesBuildPhase section */

/* Begin PBXSourcesBuildPhase section */
		FB7561CC2C81C15B00A0A5A0 /* Sources */ = {
			isa = PBXSourcesBuildPhase;
			buildActionMask = 2147483647;
			files = (
				FB3070302C82B4A1009C3EE5 /* RowOfCalcButtonsModel.swift in Sources */,
				FB30702E2C82B433009C3EE5 /* CalcButtonModel.swift in Sources */,
				FB7561EF2C81D77D00A0A5A0 /* Enumerations.swift in Sources */,
				FBBBBD722C831255004BCF28 /* IpadSupport.swift in Sources */,
				FB7561E42C81CA7A00A0A5A0 /* ColorConstants.swift in Sources */,
				FB30702A2C82AF6A009C3EE5 /* ButtonView.swift in Sources */,
				FB7561ED2C81CEAC00A0A5A0 /* CalculateButtonView.swift in Sources */,
				FB7561D62C81C15B00A0A5A0 /* MainCalculatorView.swift in Sources */,
				FB7561EB2C81CCF800A0A5A0 /* ComputationView.swift in Sources */,
				FB3070332C82BAEF009C3EE5 /* StringUtils.swift in Sources */,
				FB7561E92C81CC1700A0A5A0 /* SunMoonView.swift in Sources */,
				FB7561D42C81C15B00A0A5A0 /* Calculator_Dark_and_Light_ModeApp.swift in Sources */,
			);
			runOnlyForDeploymentPostprocessing = 0;
		};
/* End PBXSourcesBuildPhase section */

/* Begin XCBuildConfiguration section */
		FB7561DD2C81C15C00A0A5A0 /* Debug */ = {
			isa = XCBuildConfiguration;
			buildSettings = {
				ALWAYS_SEARCH_USER_PATHS = NO;
				ASSETCATALOG_COMPILER_GENERATE_SWIFT_ASSET_SYMBOL_EXTENSIONS = YES;
				CLANG_ANALYZER_NONNULL = YES;
				CLANG_ANALYZER_NUMBER_OBJECT_CONVERSION = YES_AGGRESSIVE;
				CLANG_CXX_LANGUAGE_STANDARD = "gnu++20";
				CLANG_ENABLE_MODULES = YES;
				CLANG_ENABLE_OBJC_ARC = YES;
				CLANG_ENABLE_OBJC_WEAK = YES;
				CLANG_WARN_BLOCK_CAPTURE_AUTORELEASING = YES;
				CLANG_WARN_BOOL_CONVERSION = YES;
				CLANG_WARN_COMMA = YES;
				CLANG_WARN_CONSTANT_CONVERSION = YES;
				CLANG_WARN_DEPRECATED_OBJC_IMPLEMENTATIONS = YES;
				CLANG_WARN_DIRECT_OBJC_ISA_USAGE = YES_ERROR;
				CLANG_WARN_DOCUMENTATION_COMMENTS = YES;
				CLANG_WARN_EMPTY_BODY = YES;
				CLANG_WARN_ENUM_CONVERSION = YES;
				CLANG_WARN_INFINITE_RECURSION = YES;
				CLANG_WARN_INT_CONVERSION = YES;
				CLANG_WARN_NON_LITERAL_NULL_CONVERSION = YES;
				CLANG_WARN_OBJC_IMPLICIT_RETAIN_SELF = YES;
				CLANG_WARN_OBJC_LITERAL_CONVERSION = YES;
				CLANG_WARN_OBJC_ROOT_CLASS = YES_ERROR;
				CLANG_WARN_QUOTED_INCLUDE_IN_FRAMEWORK_HEADER = YES;
				CLANG_WARN_RANGE_LOOP_ANALYSIS = YES;
				CLANG_WARN_STRICT_PROTOTYPES = YES;
				CLANG_WARN_SUSPICIOUS_MOVE = YES;
				CLANG_WARN_UNGUARDED_AVAILABILITY = YES_AGGRESSIVE;
				CLANG_WARN_UNREACHABLE_CODE = YES;
				CLANG_WARN__DUPLICATE_METHOD_MATCH = YES;
				COPY_PHASE_STRIP = NO;
				DEBUG_INFORMATION_FORMAT = dwarf;
				ENABLE_STRICT_OBJC_MSGSEND = YES;
				ENABLE_TESTABILITY = YES;
				ENABLE_USER_SCRIPT_SANDBOXING = YES;
				GCC_C_LANGUAGE_STANDARD = gnu17;
				GCC_DYNAMIC_NO_PIC = NO;
				GCC_NO_COMMON_BLOCKS = YES;
				GCC_OPTIMIZATION_LEVEL = 0;
				GCC_PREPROCESSOR_DEFINITIONS = (
					"DEBUG=1",
					"$(inherited)",
				);
				GCC_WARN_64_TO_32_BIT_CONVERSION = YES;
				GCC_WARN_ABOUT_RETURN_TYPE = YES_ERROR;
				GCC_WARN_UNDECLARED_SELECTOR = YES;
				GCC_WARN_UNINITIALIZED_AUTOS = YES_AGGRESSIVE;
				GCC_WARN_UNUSED_FUNCTION = YES;
				GCC_WARN_UNUSED_VARIABLE = YES;
				LOCALIZATION_PREFERS_STRING_CATALOGS = YES;
				MTL_ENABLE_DEBUG_INFO = INCLUDE_SOURCE;
				MTL_FAST_MATH = YES;
				ONLY_ACTIVE_ARCH = YES;
				SWIFT_ACTIVE_COMPILATION_CONDITIONS = "DEBUG $(inherited)";
				SWIFT_OPTIMIZATION_LEVEL = "-Onone";
			};
			name = Debug;
		};
		FB7561DE2C81C15C00A0A5A0 /* Release */ = {
			isa = XCBuildConfiguration;
			buildSettings = {
				ALWAYS_SEARCH_USER_PATHS = NO;
				ASSETCATALOG_COMPILER_GENERATE_SWIFT_ASSET_SYMBOL_EXTENSIONS = YES;
				CLANG_ANALYZER_NONNULL = YES;
				CLANG_ANALYZER_NUMBER_OBJECT_CONVERSION = YES_AGGRESSIVE;
				CLANG_CXX_LANGUAGE_STANDARD = "gnu++20";
				CLANG_ENABLE_MODULES = YES;
				CLANG_ENABLE_OBJC_ARC = YES;
				CLANG_ENABLE_OBJC_WEAK = YES;
				CLANG_WARN_BLOCK_CAPTURE_AUTORELEASING = YES;
				CLANG_WARN_BOOL_CONVERSION = YES;
				CLANG_WARN_COMMA = YES;
				CLANG_WARN_CONSTANT_CONVERSION = YES;
				CLANG_WARN_DEPRECATED_OBJC_IMPLEMENTATIONS = YES;
				CLANG_WARN_DIRECT_OBJC_ISA_USAGE = YES_ERROR;
				CLANG_WARN_DOCUMENTATION_COMMENTS = YES;
				CLANG_WARN_EMPTY_BODY = YES;
				CLANG_WARN_ENUM_CONVERSION = YES;
				CLANG_WARN_INFINITE_RECURSION = YES;
				CLANG_WARN_INT_CONVERSION = YES;
				CLANG_WARN_NON_LITERAL_NULL_CONVERSION = YES;
				CLANG_WARN_OBJC_IMPLICIT_RETAIN_SELF = YES;
				CLANG_WARN_OBJC_LITERAL_CONVERSION = YES;
				CLANG_WARN_OBJC_ROOT_CLASS = YES_ERROR;
				CLANG_WARN_QUOTED_INCLUDE_IN_FRAMEWORK_HEADER = YES;
				CLANG_WARN_RANGE_LOOP_ANALYSIS = YES;
				CLANG_WARN_STRICT_PROTOTYPES = YES;
				CLANG_WARN_SUSPICIOUS_MOVE = YES;
				CLANG_WARN_UNGUARDED_AVAILABILITY = YES_AGGRESSIVE;
				CLANG_WARN_UNREACHABLE_CODE = YES;
				CLANG_WARN__DUPLICATE_METHOD_MATCH = YES;
				COPY_PHASE_STRIP = NO;
				DEBUG_INFORMATION_FORMAT = "dwarf-with-dsym";
				ENABLE_NS_ASSERTIONS = NO;
				ENABLE_STRICT_OBJC_MSGSEND = YES;
				ENABLE_USER_SCRIPT_SANDBOXING = YES;
				GCC_C_LANGUAGE_STANDARD = gnu17;
				GCC_NO_COMMON_BLOCKS = YES;
				GCC_WARN_64_TO_32_BIT_CONVERSION = YES;
				GCC_WARN_ABOUT_RETURN_TYPE = YES_ERROR;
				GCC_WARN_UNDECLARED_SELECTOR = YES;
				GCC_WARN_UNINITIALIZED_AUTOS = YES_AGGRESSIVE;
				GCC_WARN_UNUSED_FUNCTION = YES;
				GCC_WARN_UNUSED_VARIABLE = YES;
				LOCALIZATION_PREFERS_STRING_CATALOGS = YES;
				MTL_ENABLE_DEBUG_INFO = NO;
				MTL_FAST_MATH = YES;
				SWIFT_COMPILATION_MODE = wholemodule;
			};
			name = Release;
		};
		FB7561E02C81C15C00A0A5A0 /* Debug */ = {
			isa = XCBuildConfiguration;
			buildSettings = {
				ASSETCATALOG_COMPILER_APPICON_NAME = AppIcon;
				ASSETCATALOG_COMPILER_GLOBAL_ACCENT_COLOR_NAME = AccentColor;
				CODE_SIGN_ENTITLEMENTS = "Calculator Dark and Light Mode/Calculator_Dark_and_Light_Mode.entitlements";
				CODE_SIGN_STYLE = Automatic;
				CURRENT_PROJECT_VERSION = 1;
				DEVELOPMENT_ASSET_PATHS = "\"Calculator Dark and Light Mode/Preview Content\"";
				DEVELOPMENT_TEAM = RF2V894835;
				ENABLE_HARDENED_RUNTIME = YES;
				ENABLE_PREVIEWS = YES;
				GENERATE_INFOPLIST_FILE = YES;
				"INFOPLIST_KEY_UIApplicationSceneManifest_Generation[sdk=iphoneos*]" = YES;
				"INFOPLIST_KEY_UIApplicationSceneManifest_Generation[sdk=iphonesimulator*]" = YES;
				"INFOPLIST_KEY_UIApplicationSupportsIndirectInputEvents[sdk=iphoneos*]" = YES;
				"INFOPLIST_KEY_UIApplicationSupportsIndirectInputEvents[sdk=iphonesimulator*]" = YES;
				"INFOPLIST_KEY_UILaunchScreen_Generation[sdk=iphoneos*]" = YES;
				"INFOPLIST_KEY_UILaunchScreen_Generation[sdk=iphonesimulator*]" = YES;
				"INFOPLIST_KEY_UIStatusBarStyle[sdk=iphoneos*]" = UIStatusBarStyleDefault;
				"INFOPLIST_KEY_UIStatusBarStyle[sdk=iphonesimulator*]" = UIStatusBarStyleDefault;
				INFOPLIST_KEY_UISupportedInterfaceOrientations = UIInterfaceOrientationPortrait;
				IPHONEOS_DEPLOYMENT_TARGET = 17.5;
				LD_RUNPATH_SEARCH_PATHS = "@executable_path/Frameworks";
				"LD_RUNPATH_SEARCH_PATHS[sdk=macosx*]" = "@executable_path/../Frameworks";
				MACOSX_DEPLOYMENT_TARGET = 14.5;
				MARKETING_VERSION = 1.0;
				PRODUCT_BUNDLE_IDENTIFIER = "com.kakapo.Calculator-Dark-and-Light-Mode";
				PRODUCT_NAME = "$(TARGET_NAME)";
				SDKROOT = auto;
				SUPPORTED_PLATFORMS = "iphoneos iphonesimulator macosx";
				SWIFT_EMIT_LOC_STRINGS = YES;
				SWIFT_VERSION = 5.0;
				TARGETED_DEVICE_FAMILY = "1,2";
			};
			name = Debug;
		};
		FB7561E12C81C15C00A0A5A0 /* Release */ = {
			isa = XCBuildConfiguration;
			buildSettings = {
				ASSETCATALOG_COMPILER_APPICON_NAME = AppIcon;
				ASSETCATALOG_COMPILER_GLOBAL_ACCENT_COLOR_NAME = AccentColor;
				CODE_SIGN_ENTITLEMENTS = "Calculator Dark and Light Mode/Calculator_Dark_and_Light_Mode.entitlements";
				CODE_SIGN_STYLE = Automatic;
				CURRENT_PROJECT_VERSION = 1;
				DEVELOPMENT_ASSET_PATHS = "\"Calculator Dark and Light Mode/Preview Content\"";
				DEVELOPMENT_TEAM = RF2V894835;
				ENABLE_HARDENED_RUNTIME = YES;
				ENABLE_PREVIEWS = YES;
				GENERATE_INFOPLIST_FILE = YES;
				"INFOPLIST_KEY_UIApplicationSceneManifest_Generation[sdk=iphoneos*]" = YES;
				"INFOPLIST_KEY_UIApplicationSceneManifest_Generation[sdk=iphonesimulator*]" = YES;
				"INFOPLIST_KEY_UIApplicationSupportsIndirectInputEvents[sdk=iphoneos*]" = YES;
				"INFOPLIST_KEY_UIApplicationSupportsIndirectInputEvents[sdk=iphonesimulator*]" = YES;
				"INFOPLIST_KEY_UILaunchScreen_Generation[sdk=iphoneos*]" = YES;
				"INFOPLIST_KEY_UILaunchScreen_Generation[sdk=iphonesimulator*]" = YES;
				"INFOPLIST_KEY_UIStatusBarStyle[sdk=iphoneos*]" = UIStatusBarStyleDefault;
				"INFOPLIST_KEY_UIStatusBarStyle[sdk=iphonesimulator*]" = UIStatusBarStyleDefault;
				INFOPLIST_KEY_UISupportedInterfaceOrientations = UIInterfaceOrientationPortrait;
				IPHONEOS_DEPLOYMENT_TARGET = 17.5;
				LD_RUNPATH_SEARCH_PATHS = "@executable_path/Frameworks";
				"LD_RUNPATH_SEARCH_PATHS[sdk=macosx*]" = "@executable_path/../Frameworks";
				MACOSX_DEPLOYMENT_TARGET = 14.5;
				MARKETING_VERSION = 1.0;
				PRODUCT_BUNDLE_IDENTIFIER = "com.kakapo.Calculator-Dark-and-Light-Mode";
				PRODUCT_NAME = "$(TARGET_NAME)";
				SDKROOT = auto;
				SUPPORTED_PLATFORMS = "iphoneos iphonesimulator macosx";
				SWIFT_EMIT_LOC_STRINGS = YES;
				SWIFT_VERSION = 5.0;
				TARGETED_DEVICE_FAMILY = "1,2";
			};
			name = Release;
		};
/* End XCBuildConfiguration section */

/* Begin XCConfigurationList section */
		FB7561CB2C81C15B00A0A5A0 /* Build configuration list for PBXProject "Calculator Dark and Light Mode" */ = {
			isa = XCConfigurationList;
			buildConfigurations = (
				FB7561DD2C81C15C00A0A5A0 /* Debug */,
				FB7561DE2C81C15C00A0A5A0 /* Release */,
			);
			defaultConfigurationIsVisible = 0;
			defaultConfigurationName = Release;
		};
		FB7561DF2C81C15C00A0A5A0 /* Build configuration list for PBXNativeTarget "Calculator Dark and Light Mode" */ = {
			isa = XCConfigurationList;
			buildConfigurations = (
				FB7561E02C81C15C00A0A5A0 /* Debug */,
				FB7561E12C81C15C00A0A5A0 /* Release */,
			);
			defaultConfigurationIsVisible = 0;
			defaultConfigurationName = Release;
		};
/* End XCConfigurationList section */
	};
	rootObject = FB7561C82C81C15B00A0A5A0 /* Project object */;
}
